// !$*UTF8*$!
{
	archiveVersion = 1;
	classes = {
	};
	objectVersion = 46;
	objects = {

/* Begin PBXBuildFile section */
		9A7BCDE61F53E3920098FD2C /* main.m in Sources */ = {isa = PBXBuildFile; fileRef = 9A7BCDE51F53E3920098FD2C /* main.m */; };
		9A7BCDEE1F53E3CD0098FD2C /* BaseEvent.m in Sources */ = {isa = PBXBuildFile; fileRef = 9A7BCDED1F53E3CD0098FD2C /* BaseEvent.m */; };
		9A7BCDF31F53E5D80098FD2C /* AccountEvent.m in Sources */ = {isa = PBXBuildFile; fileRef = 9A7BCDF21F53E5D80098FD2C /* AccountEvent.m */; };
		9A7BCDF71F53E8600098FD2C /* AccountImp.m in Sources */ = {isa = PBXBuildFile; fileRef = 9A7BCDF61F53E8600098FD2C /* AccountImp.m */; };
/* End PBXBuildFile section */

/* Begin PBXCopyFilesBuildPhase section */
		9A7BCDE01F53E3920098FD2C /* CopyFiles */ = {
			isa = PBXCopyFilesBuildPhase;
			buildActionMask = 2147483647;
			dstPath = /usr/share/man/man1/;
			dstSubfolderSpec = 0;
			files = (
			);
			runOnlyForDeploymentPostprocessing = 1;
		};
/* End PBXCopyFilesBuildPhase section */

/* Begin PBXFileReference section */
		9A7BCDE21F53E3920098FD2C /* test_abstract */ = {isa = PBXFileReference; explicitFileType = "compiled.mach-o.executable"; includeInIndex = 0; path = test_abstract; sourceTree = BUILT_PRODUCTS_DIR; };
		9A7BCDE51F53E3920098FD2C /* main.m */ = {isa = PBXFileReference; lastKnownFileType = sourcecode.c.objc; path = main.m; sourceTree = "<group>"; };
		9A7BCDEC1F53E3CD0098FD2C /* BaseEvent.h */ = {isa = PBXFileReference; fileEncoding = 4; lastKnownFileType = sourcecode.c.h; path = BaseEvent.h; sourceTree = "<group>"; };
		9A7BCDED1F53E3CD0098FD2C /* BaseEvent.m */ = {isa = PBXFileReference; fileEncoding = 4; lastKnownFileType = sourcecode.c.objc; path = BaseEvent.m; sourceTree = "<group>"; };
		9A7BCDF11F53E5D80098FD2C /* AccountEvent.h */ = {isa = PBXFileReference; fileEncoding = 4; lastKnownFileType = sourcecode.c.h; path = AccountEvent.h; sourceTree = "<group>"; };
		9A7BCDF21F53E5D80098FD2C /* AccountEvent.m */ = {isa = PBXFileReference; fileEncoding = 4; lastKnownFileType = sourcecode.c.objc; path = AccountEvent.m; sourceTree = "<group>"; };
		9A7BCDF41F53E6FF0098FD2C /* AccountInterface.h */ = {isa = PBXFileReference; lastKnownFileType = sourcecode.c.h; path = AccountInterface.h; sourceTree = "<group>"; };
		9A7BCDF51F53E8600098FD2C /* AccountImp.h */ = {isa = PBXFileReference; fileEncoding = 4; lastKnownFileType = sourcecode.c.h; path = AccountImp.h; sourceTree = "<group>"; };
		9A7BCDF61F53E8600098FD2C /* AccountImp.m */ = {isa = PBXFileReference; fileEncoding = 4; lastKnownFileType = sourcecode.c.objc; path = AccountImp.m; sourceTree = "<group>"; };
/* End PBXFileReference section */

/* Begin PBXFrameworksBuildPhase section */
		9A7BCDDF1F53E3920098FD2C /* Frameworks */ = {
			isa = PBXFrameworksBuildPhase;
			buildActionMask = 2147483647;
			files = (
			);
			runOnlyForDeploymentPostprocessing = 0;
		};
/* End PBXFrameworksBuildPhase section */

/* Begin PBXGroup section */
		9A7BCDD91F53E3910098FD2C = {
			isa = PBXGroup;
			children = (
				9A7BCDE41F53E3920098FD2C /* test_abstract */,
				9A7BCDE31F53E3920098FD2C /* Products */,
			);
			sourceTree = "<group>";
		};
		9A7BCDE31F53E3920098FD2C /* Products */ = {
			isa = PBXGroup;
			children = (
				9A7BCDE21F53E3920098FD2C /* test_abstract */,
			);
			name = Products;
			sourceTree = "<group>";
		};
		9A7BCDE41F53E3920098FD2C /* test_abstract */ = {
			isa = PBXGroup;
			children = (
				9A7BCDE51F53E3920098FD2C /* main.m */,
				9A7BCDEC1F53E3CD0098FD2C /* BaseEvent.h */,
				9A7BCDED1F53E3CD0098FD2C /* BaseEvent.m */,
				9A7BCDF11F53E5D80098FD2C /* AccountEvent.h */,
				9A7BCDF21F53E5D80098FD2C /* AccountEvent.m */,
				9A7BCDF41F53E6FF0098FD2C /* AccountInterface.h */,
				9A7BCDF51F53E8600098FD2C /* AccountImp.h */,
				9A7BCDF61F53E8600098FD2C /* AccountImp.m */,
			);
			path = test_abstract;
			sourceTree = "<group>";
		};
/* End PBXGroup section */

/* Begin PBXNativeTarget section */
		9A7BCDE11F53E3920098FD2C /* test_abstract */ = {
			isa = PBXNativeTarget;
			buildConfigurationList = 9A7BCDE91F53E3920098FD2C /* Build configuration list for PBXNativeTarget "test_abstract" */;
			buildPhases = (
				9A7BCDDE1F53E3920098FD2C /* Sources */,
				9A7BCDDF1F53E3920098FD2C /* Frameworks */,
				9A7BCDE01F53E3920098FD2C /* CopyFiles */,
			);
			buildRules = (
			);
			dependencies = (
			);
			name = test_abstract;
			productName = test_abstract;
			productReference = 9A7BCDE21F53E3920098FD2C /* test_abstract */;
			productType = "com.apple.product-type.tool";
		};
/* End PBXNativeTarget section */

/* Begin PBXProject section */
		9A7BCDDA1F53E3910098FD2C /* Project object */ = {
			isa = PBXProject;
			attributes = {
				LastUpgradeCheck = 0830;
				ORGANIZATIONNAME = jett;
				TargetAttributes = {
					9A7BCDE11F53E3920098FD2C = {
						CreatedOnToolsVersion = 8.3.3;
						ProvisioningStyle = Automatic;
					};
				};
			};
			buildConfigurationList = 9A7BCDDD1F53E3910098FD2C /* Build configuration list for PBXProject "test_abstract" */;
			compatibilityVersion = "Xcode 3.2";
			developmentRegion = English;
			hasScannedForEncodings = 0;
			knownRegions = (
				en,
			);
			mainGroup = 9A7BCDD91F53E3910098FD2C;
			productRefGroup = 9A7BCDE31F53E3920098FD2C /* Products */;
			projectDirPath = "";
			projectRoot = "";
			targets = (
				9A7BCDE11F53E3920098FD2C /* test_abstract */,
			);
		};
/* End PBXProject section */

/* Begin PBXSourcesBuildPhase section */
		9A7BCDDE1F53E3920098FD2C /* Sources */ = {
			isa = PBXSourcesBuildPhase;
			buildActionMask = 2147483647;
			files = (
				9A7BCDE61F53E3920098FD2C /* main.m in Sources */,
				9A7BCDF31F53E5D80098FD2C /* AccountEvent.m in Sources */,
				9A7BCDF71F53E8600098FD2C /* AccountImp.m in Sources */,
				9A7BCDEE1F53E3CD0098FD2C /* BaseEvent.m in Sources */,
			);
			runOnlyForDeploymentPostprocessing = 0;
		};
/* End PBXSourcesBuildPhase section */

/* Begin XCBuildConfiguration section */
		9A7BCDE71F53E3920098FD2C /* Debug */ = {
			isa = XCBuildConfiguration;
			buildSettings = {
				ALWAYS_SEARCH_USER_PATHS = NO;
				CLANG_ANALYZER_NONNULL = YES;
				CLANG_ANALYZER_NUMBER_OBJECT_CONVERSION = YES_AGGRESSIVE;
				CLANG_CXX_LANGUAGE_STANDARD = "gnu++0x";
				CLANG_CXX_LIBRARY = "libc++";
				CLANG_ENABLE_MODULES = YES;
				CLANG_ENABLE_OBJC_ARC = YES;
				CLANG_WARN_BOOL_CONVERSION = YES;
				CLANG_WARN_CONSTANT_CONVERSION = YES;
				CLANG_WARN_DIRECT_OBJC_ISA_USAGE = YES_ERROR;
				CLANG_WARN_DOCUMENTATION_COMMENTS = YES;
				CLANG_WARN_EMPTY_BODY = YES;
				CLANG_WARN_ENUM_CONVERSION = YES;
				CLANG_WARN_INFINITE_RECURSION = YES;
				CLANG_WARN_INT_CONVERSION = YES;
				CLANG_WARN_OBJC_ROOT_CLASS = YES_ERROR;
				CLANG_WARN_SUSPICIOUS_MOVE = YES;
				CLANG_WARN_UNREACHABLE_CODE = YES;
				CLANG_WARN__DUPLICATE_METHOD_MATCH = YES;
				CODE_SIGN_IDENTITY = "-";
				COPY_PHASE_STRIP = NO;
				DEBUG_INFORMATION_FORMAT = dwarf;
				ENABLE_STRICT_OBJC_MSGSEND = YES;
				ENABLE_TESTABILITY = YES;
				GCC_C_LANGUAGE_STANDARD = gnu99;
				GCC_DYNAMIC_NO_PIC = NO;
				GCC_NO_COMMON_BLOCKS = YES;
				GCC_OPTIMIZATION_LEVEL = 0;
				GCC_PREPROCESSOR_DEFINITIONS = (
					"DEBUG=1",
					"$(inherited)",
				);
				GCC_WARN_64_TO_32_BIT_CONVERSION = YES;
				GCC_WARN_ABOUT_RETURN_TYPE = YES_ERROR;
				GCC_WARN_UNDECLARED_SELECTOR = YES;
				GCC_WARN_UNINITIALIZED_AUTOS = YES_AGGRESSIVE;
				GCC_WARN_UNUSED_FUNCTION = YES;
				GCC_WARN_UNUSED_VARIABLE = YES;
				MACOSX_DEPLOYMENT_TARGET = 10.12;
				MTL_ENABLE_DEBUG_INFO = YES;
				ONLY_ACTIVE_ARCH = YES;
				SDKROOT = macosx;
			};
			name = Debug;
		};
		9A7BCDE81F53E3920098FD2C /* Release */ = {
			isa = XCBuildConfiguration;
			buildSettings = {
				ALWAYS_SEARCH_USER_PATHS = NO;
				CLANG_ANALYZER_NONNULL = YES;
				CLANG_ANALYZER_NUMBER_OBJECT_CONVERSION = YES_AGGRESSIVE;
				CLANG_CXX_LANGUAGE_STANDARD = "gnu++0x";
				CLANG_CXX_LIBRARY = "libc++";
				CLANG_ENABLE_MODULES = YES;
				CLANG_ENABLE_OBJC_ARC = YES;
				CLANG_WARN_BOOL_CONVERSION = YES;
				CLANG_WARN_CONSTANT_CONVERSION = YES;
				CLANG_WARN_DIRECT_OBJC_ISA_USAGE = YES_ERROR;
				CLANG_WARN_DOCUMENTATION_COMMENTS = YES;
				CLANG_WARN_EMPTY_BODY = YES;
				CLANG_WARN_ENUM_CONVERSION = YES;
				CLANG_WARN_INFINITE_RECURSION = YES;
				CLANG_WARN_INT_CONVERSION = YES;
				CLANG_WARN_OBJC_ROOT_CLASS = YES_ERROR;
				CLANG_WARN_SUSPICIOUS_MOVE = YES;
				CLANG_WARN_UNREACHABLE_CODE = YES;
				CLANG_WARN__DUPLICATE_METHOD_MATCH = YES;
				CODE_SIGN_IDENTITY = "-";
				COPY_PHASE_STRIP = NO;
				DEBUG_INFORMATION_FORMAT = "dwarf-with-dsym";
				ENABLE_NS_ASSERTIONS = NO;
				ENABLE_STRICT_OBJC_MSGSEND = YES;
				GCC_C_LANGUAGE_STANDARD = gnu99;
				GCC_NO_COMMON_BLOCKS = YES;
				GCC_WARN_64_TO_32_BIT_CONVERSION = YES;
				GCC_WARN_ABOUT_RETURN_TYPE = YES_ERROR;
				GCC_WARN_UNDECLARED_SELECTOR = YES;
				GCC_WARN_UNINITIALIZED_AUTOS = YES_AGGRESSIVE;
				GCC_WARN_UNUSED_FUNCTION = YES;
				GCC_WARN_UNUSED_VARIABLE = YES;
				MACOSX_DEPLOYMENT_TARGET = 10.12;
				MTL_ENABLE_DEBUG_INFO = NO;
				SDKROOT = macosx;
			};
			name = Release;
		};
		9A7BCDEA1F53E3920098FD2C /* Debug */ = {
			isa = XCBuildConfiguration;
			buildSettings = {
				PRODUCT_NAME = "$(TARGET_NAME)";
			};
			name = Debug;
		};
		9A7BCDEB1F53E3920098FD2C /* Release */ = {
			isa = XCBuildConfiguration;
			buildSettings = {
				PRODUCT_NAME = "$(TARGET_NAME)";
			};
			name = Release;
		};
/* End XCBuildConfiguration section */

/* Begin XCConfigurationList section */
		9A7BCDDD1F53E3910098FD2C /* Build configuration list for PBXProject "test_abstract" */ = {
			isa = XCConfigurationList;
			buildConfigurations = (
				9A7BCDE71F53E3920098FD2C /* Debug */,
				9A7BCDE81F53E3920098FD2C /* Release */,
			);
			defaultConfigurationIsVisible = 0;
			defaultConfigurationName = Release;
		};
		9A7BCDE91F53E3920098FD2C /* Build configuration list for PBXNativeTarget "test_abstract" */ = {
			isa = XCConfigurationList;
			buildConfigurations = (
				9A7BCDEA1F53E3920098FD2C /* Debug */,
				9A7BCDEB1F53E3920098FD2C /* Release */,
			);
			defaultConfigurationIsVisible = 0;
		};
/* End XCConfigurationList section */
	};
	rootObject = 9A7BCDDA1F53E3910098FD2C /* Project object */;
}
